<?xml version="1.0" encoding="UTF-8"?>
<Scheme
   LastUpgradeVersion = "1200"
   version = "1.3">
   <BuildAction
      parallelizeBuildables = "YES"
      buildImplicitDependencies = "YES">
      <BuildActionEntries>
         <BuildActionEntry
            buildForTesting = "YES"
            buildForRunning = "YES"
            buildForProfiling = "YES"
            buildForArchiving = "YES"
            buildForAnalyzing = "YES">
            <BuildableReference
               BuildableIdentifier = "primary"
               BlueprintIdentifier = "CE8711F150C63B47863E71B9"
               BuildableName = "cov-stats.app"
               BlueprintName = "cov-stats"
               ReferencedContainer = "container:cov-stats.xcodeproj">
            </BuildableReference>
         </BuildActionEntry>
      </BuildActionEntries>
   </BuildAction>
   <TestAction
      buildConfiguration = "Production Debug"
      selectedDebuggerIdentifier = "Xcode.DebuggerFoundation.Debugger.LLDB"
      selectedLauncherIdentifier = "Xcode.DebuggerFoundation.Launcher.LLDB"
      onlyGenerateCoverageForSpecifiedTargets = "NO"
      shouldUseLaunchSchemeArgsEnv = "YES">
      <Testables>
         <TestableReference
            skipped = "NO">
            <BuildableReference
               BuildableIdentifier = "primary"
               BlueprintIdentifier = "06844813AD3C70DEE7040259"
               BuildableName = "cov-statsTests.xctest"
               BlueprintName = "cov-statsTests"
               ReferencedContainer = "container:cov-stats.xcodeproj">
            </BuildableReference>
         </TestableReference>
      </Testables>
      <MacroExpansion>
         <BuildableReference
            BuildableIdentifier = "primary"
            BlueprintIdentifier = "CE8711F150C63B47863E71B9"
            BuildableName = "cov-stats.app"
            BlueprintName = "cov-stats"
            ReferencedContainer = "container:cov-stats.xcodeproj">
         </BuildableReference>
      </MacroExpansion>
      <CommandLineArguments>
      </CommandLineArguments>
   </TestAction>
   <LaunchAction
      buildConfiguration = "Production Debug"
      selectedDebuggerIdentifier = "Xcode.DebuggerFoundation.Debugger.LLDB"
      selectedLauncherIdentifier = "Xcode.DebuggerFoundation.Launcher.LLDB"
      launchStyle = "0"
      useCustomWorkingDirectory = "NO"
      ignoresPersistentStateOnLaunch = "NO"
      debugDocumentVersioning = "YES"
      debugServiceExtension = "internal"
      allowLocationSimulation = "YES">
      <BuildableProductRunnable
         runnableDebuggingMode = "0">
         <BuildableReference
            BuildableIdentifier = "primary"
            BlueprintIdentifier = "CE8711F150C63B47863E71B9"
            BuildableName = "cov-stats.app"
            BlueprintName = "cov-stats"
            ReferencedContainer = "container:cov-stats.xcodeproj">
         </BuildableReference>
      </BuildableProductRunnable>
      <CommandLineArguments>
      </CommandLineArguments>
   </LaunchAction>
   <ProfileAction
      buildConfiguration = "Production Release"
      shouldUseLaunchSchemeArgsEnv = "YES"
      savedToolIdentifier = ""
      useCustomWorkingDirectory = "NO"
      debugDocumentVersioning = "YES">
      <BuildableProductRunnable
         runnableDebuggingMode = "0">
         <BuildableReference
            BuildableIdentifier = "primary"
            BlueprintIdentifier = "CE8711F150C63B47863E71B9"
            BuildableName = "cov-stats.app"
            BlueprintName = "cov-stats"
            ReferencedContainer = "container:cov-stats.xcodeproj">
         </BuildableReference>
      </BuildableProductRunnable>
      <CommandLineArguments>
      </CommandLineArguments>
   </ProfileAction>
   <AnalyzeAction
      buildConfiguration = "Production Debug">
   </AnalyzeAction>
   <ArchiveAction
      buildConfiguration = "Production Release"
      revealArchiveInOrganizer = "YES">
   </ArchiveAction>
</Scheme>
