PODS:
  - Alamofire (5.4.1)
  - Nimble (9.0.0)
  - OHHTTPStubs/Core (9.1.0)
  - OHHTTPStubs/Default (9.1.0):
    - OHHTTPStubs/Core
    - OHHTTPStubs/JSON
    - OHHTTPStubs/NSURLSession
    - OHHTTPStubs/OHPathHelpers
  - OHHTTPStubs/JSON (9.1.0):
    - OHHTTPStubs/Core
  - OHHTTPStubs/NSURLSession (9.1.0):
    - OHHTTPStubs/Core
  - OHHTTPStubs/OHPathHelpers (9.1.0)
  - OHHTTPStubs/Swift (9.1.0):
    - OHHTTPStubs/Default
  - Quick (3.1.2)
  - RxCocoa (5.1.1):
    - RxRelay (~> 5)
    - RxSwift (~> 5)
  - RxRelay (5.1.1):
    - RxSwift (~> 5)
  - RxSwift (5.1.1)
  - SwiftLint (0.39.2)

DEPENDENCIES:
  - Alamofire (~> 5.0)
  - Nimble
  - OHHTTPStubs/Swift
  - Quick
  - RxCocoa (~> 5.1)
  - RxSwift (~> 5.1)
  - SwiftLint (~> 0.39.2)

SPEC REPOS:
  trunk:
    - Alamofire
    - Nimble
    - OHHTTPStubs
    - Quick
    - RxCocoa
    - RxRelay
    - RxSwift
    - SwiftLint

SPEC CHECKSUMS:
  Alamofire: 2291f7d21ca607c491dd17642e5d40fdcda0e65c
  Nimble: 3b4ec3fd40f1dc178058e0981107721c615643d8
  OHHTTPStubs: 90eac6d8f2c18317baeca36698523dc67c513831
  Quick: 60f0ea3b8e0cfc0df3259a5c06a238ad8b3c46e0
  RxCocoa: 32065309a38d29b5b0db858819b5bf9ef038b601
  RxRelay: d77f7d771495f43c556cbc43eebd1bb54d01e8e9
  RxSwift: 81470a2074fa8780320ea5fe4102807cb7118178
  SwiftLint: 22ccbbe3b8008684be5955693bab135e0ed6a447

PODFILE CHECKSUM: 59b21c33d3117cc40f1ce7a9d07a4ce8ed9158ca

COCOAPODS: 1.10.0
